
Microsoft Visual Studio Solution File, Format Version 12.00
# Visual Studio Version 17
VisualStudioVersion = 17.13.35825.156 d17.13
MinimumVisualStudioVersion = 10.0.40219.1
Project("{FAE04EC0-301F-11D3-BF4B-00C04F79EFBC}") = "Hesaplama", "Hesaplama\Hesaplama.csproj", "{2BBD4227-5BC7-4E9E-9DC8-B374711C8DD8}"
EndProject
Global
	GlobalSection(SolutionConfigurationPlatforms) = preSolution
		Debug|Any CPU = Debug|Any CPU
		Release|Any CPU = Release|Any CPU
	EndGlobalSection
	GlobalSection(ProjectConfigurationPlatforms) = postSolution
		{2BBD4227-5BC7-4E9E-9DC8-B374711C8DD8}.Debug|Any CPU.ActiveCfg = Debug|Any CPU
		{2BBD4227-5BC7-4E9E-9DC8-B374711C8DD8}.Debug|Any CPU.Build.0 = Debug|Any CPU
		{2BBD4227-5BC7-4E9E-9DC8-B374711C8DD8}.Release|Any CPU.ActiveCfg = Release|Any CPU
		{2BBD4227-5BC7-4E9E-9DC8-B374711C8DD8}.Release|Any CPU.Build.0 = Release|Any CPU
	EndGlobalSection
	GlobalSection(SolutionProperties) = preSolution
		HideSolutionNode = FALSE
	EndGlobalSection
	GlobalSection(ExtensibilityGlobals) = postSolution
		SolutionGuid = {EF0FB289-4CAE-4AFB-9731-EF521436D1FA}
	EndGlobalSection
EndGlobal
